<?xml version="1.0" encoding="utf-8"?>
<Project ToolsVersion="4.0" xmlns="http://schemas.microsoft.com/developer/msbuild/2003">
  <ItemGroup>
    <Filter Include="Source Files">
      <UniqueIdentifier>{4FC737F1-C7A5-4376-A066-2A32D752A2FF}</UniqueIdentifier>
      <Extensions>cpp;cxx;c;def</Extensions>
    </Filter>
    <Filter Include="Header Files">
      <UniqueIdentifier>{93995380-89BD-4b04-88EB-625FBE52EBFB}</UniqueIdentifier>
      <Extensions>h</Extensions>
    </Filter>
    <Filter Include="Form Files">
      <UniqueIdentifier>{99349809-55BA-4b9d-BF79-8FDBB0286EB3}</UniqueIdentifier>
      <Extensions>ui</Extensions>
    </Filter>
    <Filter Include="Resource Files">
      <UniqueIdentifier>{D9D6E242-F8AF-46E4-B9FD-80ECBC20BA3E}</UniqueIdentifier>
      <Extensions>qrc;*</Extensions>
      <ParseFiles>false</ParseFiles>
    </Filter>
    <Filter Include="Generated Files">
      <UniqueIdentifier>{71ED8ED8-ACB9-4CE9-BBE1-E00B30144E11}</UniqueIdentifier>
      <Extensions>moc;h;cpp</Extensions>
      <SourceControlFiles>False</SourceControlFiles>
    </Filter>
    <Filter Include="Generated Files\Debug">
      <UniqueIdentifier>{e15737e0-94f2-427c-9650-233336caa52c}</UniqueIdentifier>
      <Extensions>cpp;moc</Extensions>
      <SourceControlFiles>False</SourceControlFiles>
    </Filter>
    <Filter Include="Generated Files\Release">
      <UniqueIdentifier>{2b61fb43-b879-4d29-84bb-892175ed9b6c}</UniqueIdentifier>
      <Extensions>cpp;moc</Extensions>
      <SourceControlFiles>False</SourceControlFiles>
    </Filter>
    <Filter Include="Generated Files\FastFloatRelease">
      <UniqueIdentifier>{8c39a01b-834c-4fa2-b195-21131f0450c7}</UniqueIdentifier>
      <Extensions>cpp;moc</Extensions>
      <SourceControlFiles>False</SourceControlFiles>
    </Filter>
    <Filter Include="Generated Files\PreciseFloatRelease">
      <UniqueIdentifier>{ba6a0896-51c5-447d-aca6-45bc76ced057}</UniqueIdentifier>
      <Extensions>cpp;moc</Extensions>
      <SourceControlFiles>False</SourceControlFiles>
    </Filter>
  </ItemGroup>
  <ItemGroup>
    <CustomBuild Include="resources\resources.qrc">
      <Filter>Resource Files</Filter>
    </CustomBuild>
    <CustomBuild Include="HyperspectralAnalyst\CPUAlgorithm.h">
      <Filter>Header Files</Filter>
    </CustomBuild>
    <CustomBuild Include="HyperspectralAnalyst\CPUAlgorithm.ui">
      <Filter>Form Files</Filter>
    </CustomBuild>
    <CustomBuild Include="Libraries\RHSEG.h">
      <Filter>Header Files</Filter>
    </CustomBuild>
    <CustomBuild Include="Libraries\RHSEGDevice.h">
      <Filter>Header Files</Filter>
    </CustomBuild>
  </ItemGroup>
  <ItemGroup>
    <ClCompile Include="GeneratedFiles\qrc_resources.cpp">
      <Filter>Generated Files</Filter>
    </ClCompile>
    <ClCompile Include="HyperspectralAnalyst\CPUAlgorithm.cpp">
      <Filter>Source Files</Filter>
    </ClCompile>
    <ClCompile Include="HyperspectralAnalyst\main.cpp">
      <Filter>Source Files</Filter>
    </ClCompile>
    <ClCompile Include="Libraries\matrix\bandmat.cpp">
      <Filter>Source Files</Filter>
    </ClCompile>
    <ClCompile Include="Libraries\matrix\cholesky.cpp">
      <Filter>Source Files</Filter>
    </ClCompile>
    <ClCompile Include="Libraries\matrix\evalue.cpp">
      <Filter>Source Files</Filter>
    </ClCompile>
    <ClCompile Include="Libraries\matrix\hholder.cpp">
      <Filter>Source Files</Filter>
    </ClCompile>
    <ClCompile Include="Libraries\matrix\myexcept.cpp">
      <Filter>Source Files</Filter>
    </ClCompile>
    <ClCompile Include="Libraries\matrix\newmat1.cpp">
      <Filter>Source Files</Filter>
    </ClCompile>
    <ClCompile Include="Libraries\matrix\newmat2.cpp">
      <Filter>Source Files</Filter>
    </ClCompile>
    <ClCompile Include="Libraries\matrix\newmat3.cpp">
      <Filter>Source Files</Filter>
    </ClCompile>
    <ClCompile Include="Libraries\matrix\newmat4.cpp">
      <Filter>Source Files</Filter>
    </ClCompile>
    <ClCompile Include="Libraries\matrix\newmat5.cpp">
      <Filter>Source Files</Filter>
    </ClCompile>
    <ClCompile Include="Libraries\matrix\newmat6.cpp">
      <Filter>Source Files</Filter>
    </ClCompile>
    <ClCompile Include="Libraries\matrix\newmat7.cpp">
      <Filter>Source Files</Filter>
    </ClCompile>
    <ClCompile Include="Libraries\matrix\newmat8.cpp">
      <Filter>Source Files</Filter>
    </ClCompile>
    <ClCompile Include="Libraries\matrix\newmat9.cpp">
      <Filter>Source Files</Filter>
    </ClCompile>
    <ClCompile Include="Libraries\matrix\newmatex.cpp">
      <Filter>Source Files</Filter>
    </ClCompile>
    <ClCompile Include="Libraries\matrix\newmatnl.cpp">
      <Filter>Source Files</Filter>
    </ClCompile>
    <ClCompile Include="Libraries\matrix\newmatrm.cpp">
      <Filter>Source Files</Filter>
    </ClCompile>
    <ClCompile Include="Libraries\matrix\solution.cpp">
      <Filter>Source Files</Filter>
    </ClCompile>
    <ClCompile Include="Libraries\matrix\sort.cpp">
      <Filter>Source Files</Filter>
    </ClCompile>
    <ClCompile Include="Libraries\matrix\submat.cpp">
      <Filter>Source Files</Filter>
    </ClCompile>
    <ClCompile Include="Libraries\matrix\svd.cpp">
      <Filter>Source Files</Filter>
    </ClCompile>
    <ClCompile Include="Libraries\AMC.cpp">
      <Filter>Source Files</Filter>
    </ClCompile>
    <ClCompile Include="Libraries\HSWO.cpp">
      <Filter>Source Files</Filter>
    </ClCompile>
    <ClCompile Include="Libraries\HSWODevice.cpp">
      <Filter>Source Files</Filter>
    </ClCompile>
    <ClCompile Include="Libraries\Logger.cpp">
      <Filter>Source Files</Filter>
    </ClCompile>
    <ClCompile Include="Libraries\RHSEG.cpp">
      <Filter>Source Files</Filter>
    </ClCompile>
    <ClCompile Include="Libraries\RHSEGDevice.cpp">
      <Filter>Source Files</Filter>
    </ClCompile>
    <ClCompile Include="HyperspectralAnalyst\CPUAlgorithmAmpExtras.cpp">
      <Filter>Source Files</Filter>
    </ClCompile>
    <ClCompile Include="Libraries\HSWODeviceAmpExtras.cpp">
      <Filter>Source Files</Filter>
    </ClCompile>
    <ClCompile Include="GeneratedFiles\Debug\moc_CPUAlgorithm.cpp">
      <Filter>Generated Files\Debug</Filter>
    </ClCompile>
    <ClCompile Include="GeneratedFiles\Release\moc_CPUAlgorithm.cpp">
      <Filter>Generated Files\Release</Filter>
    </ClCompile>
    <ClCompile Include="GeneratedFiles\FastFloatRelease\moc_CPUAlgorithm.cpp">
      <Filter>Generated Files\FastFloatRelease</Filter>
    </ClCompile>
    <ClCompile Include="GeneratedFiles\PreciseFloatRelease\moc_CPUAlgorithm.cpp">
      <Filter>Generated Files\PreciseFloatRelease</Filter>
    </ClCompile>
    <ClCompile Include="GeneratedFiles\Debug\moc_RHSEG.cpp">
      <Filter>Generated Files\Debug</Filter>
    </ClCompile>
    <ClCompile Include="GeneratedFiles\Release\moc_RHSEG.cpp">
      <Filter>Generated Files\Release</Filter>
    </ClCompile>
    <ClCompile Include="GeneratedFiles\FastFloatRelease\moc_RHSEG.cpp">
      <Filter>Generated Files\FastFloatRelease</Filter>
    </ClCompile>
    <ClCompile Include="GeneratedFiles\PreciseFloatRelease\moc_RHSEG.cpp">
      <Filter>Generated Files\PreciseFloatRelease</Filter>
    </ClCompile>
    <ClCompile Include="GeneratedFiles\Debug\moc_RHSEGDevice.cpp">
      <Filter>Generated Files\Debug</Filter>
    </ClCompile>
    <ClCompile Include="GeneratedFiles\Release\moc_RHSEGDevice.cpp">
      <Filter>Generated Files\Release</Filter>
    </ClCompile>
    <ClCompile Include="GeneratedFiles\FastFloatRelease\moc_RHSEGDevice.cpp">
      <Filter>Generated Files\FastFloatRelease</Filter>
    </ClCompile>
    <ClCompile Include="GeneratedFiles\PreciseFloatRelease\moc_RHSEGDevice.cpp">
      <Filter>Generated Files\PreciseFloatRelease</Filter>
    </ClCompile>
  </ItemGroup>
  <ItemGroup>
    <ClInclude Include="GeneratedFiles\ui_CPUAlgorithm.h">
      <Filter>Generated Files</Filter>
    </ClInclude>
    <ClInclude Include="myglobals.h">
      <Filter>Header Files</Filter>
    </ClInclude>
    <ClInclude Include="Libraries\matrix\boolean.h">
      <Filter>Header Files</Filter>
    </ClInclude>
    <ClInclude Include="Libraries\matrix\controlw.h">
      <Filter>Header Files</Filter>
    </ClInclude>
    <ClInclude Include="Libraries\matrix\include.h">
      <Filter>Header Files</Filter>
    </ClInclude>
    <ClInclude Include="Libraries\matrix\myexcept.h">
      <Filter>Header Files</Filter>
    </ClInclude>
    <ClInclude Include="Libraries\matrix\newmat.h">
      <Filter>Header Files</Filter>
    </ClInclude>
    <ClInclude Include="Libraries\matrix\newmatap.h">
      <Filter>Header Files</Filter>
    </ClInclude>
    <ClInclude Include="Libraries\matrix\newmatio.h">
      <Filter>Header Files</Filter>
    </ClInclude>
    <ClInclude Include="Libraries\matrix\newmatnl.h">
      <Filter>Header Files</Filter>
    </ClInclude>
    <ClInclude Include="Libraries\matrix\newmatrc.h">
      <Filter>Header Files</Filter>
    </ClInclude>
    <ClInclude Include="Libraries\matrix\newmatrm.h">
      <Filter>Header Files</Filter>
    </ClInclude>
    <ClInclude Include="Libraries\matrix\precisio.h">
      <Filter>Header Files</Filter>
    </ClInclude>
    <ClInclude Include="Libraries\matrix\solution.h">
      <Filter>Header Files</Filter>
    </ClInclude>
    <ClInclude Include="Libraries\AMC.h">
      <Filter>Header Files</Filter>
    </ClInclude>
    <ClInclude Include="Libraries\DebuggingUtilities.h">
      <Filter>Header Files</Filter>
    </ClInclude>
    <ClInclude Include="Libraries\definitions.h">
      <Filter>Header Files</Filter>
    </ClInclude>
    <ClInclude Include="Libraries\HSWO.h">
      <Filter>Header Files</Filter>
    </ClInclude>
    <ClInclude Include="Libraries\Logger.h">
      <Filter>Header Files</Filter>
    </ClInclude>
    <ClInclude Include="Libraries\HSWODevice.h">
      <Filter>Header Files</Filter>
    </ClInclude>
    <ClInclude Include="Libraries\amp_algorithms\amp_algorithms.h">
      <Filter>Header Files</Filter>
    </ClInclude>
    <ClInclude Include="Libraries\amp_algorithms\amp_indexable_view.h">
      <Filter>Header Files</Filter>
    </ClInclude>
    <ClInclude Include="Libraries\amp_algorithms\amp_iterators.h">
      <Filter>Header Files</Filter>
    </ClInclude>
    <ClInclude Include="Libraries\amp_algorithms\amp_stl_algorithms.h">
      <Filter>Header Files</Filter>
    </ClInclude>
    <ClInclude Include="Libraries\amp_algorithms\xx_amp_algorithms_impl.h">
      <Filter>Header Files</Filter>
    </ClInclude>
    <ClInclude Include="Libraries\amp_algorithms\xx_amp_algorithms_impl_inl.h">
      <Filter>Header Files</Filter>
    </ClInclude>
    <ClInclude Include="Libraries\amp_algorithms\xx_amp_stl_algorithms_impl.h">
      <Filter>Header Files</Filter>
    </ClInclude>
    <ClInclude Include="Libraries\amp_algorithms\xx_amp_stl_algorithms_impl_inl.h">
      <Filter>Header Files</Filter>
    </ClInclude>
    <ClInclude Include="amp_stl_algorithms.h">
      <Filter>Header Files</Filter>
    </ClInclude>
    <ClInclude Include="amp_iterators.h">
      <Filter>Header Files</Filter>
    </ClInclude>
    <ClInclude Include="amp_indexable_view.h">
      <Filter>Header Files</Filter>
    </ClInclude>
    <ClInclude Include="amp_algorithms.h">
      <Filter>Header Files</Filter>
    </ClInclude>
    <ClInclude Include="xx_amp_algorithms_impl.h">
      <Filter>Header Files</Filter>
    </ClInclude>
    <ClInclude Include="xx_amp_algorithms_impl_inl.h">
      <Filter>Header Files</Filter>
    </ClInclude>
    <ClInclude Include="xx_amp_stl_algorithms_impl.h">
      <Filter>Header Files</Filter>
    </ClInclude>
    <ClInclude Include="xx_amp_stl_algorithms_impl_inl.h">
      <Filter>Header Files</Filter>
    </ClInclude>
  </ItemGroup>
</Project>